
Microsoft Visual Studio Solution File, Format Version 12.00
Project("{FAE04EC0-301F-11D3-BF4B-00C04F79EFBC}") = "PluralKit.Bot", "PluralKit.Bot\PluralKit.Bot.csproj", "{F2C5562D-FD96-4C11-B54E-93737D127959}"
EndProject
Project("{FAE04EC0-301F-11D3-BF4B-00C04F79EFBC}") = "PluralKit.Core", "PluralKit.Core\PluralKit.Core.csproj", "{5DBE037D-179D-4C05-8A28-35E37129C961}"
EndProject
Project("{FAE04EC0-301F-11D3-BF4B-00C04F79EFBC}") = "PluralKit.API", "PluralKit.API\PluralKit.API.csproj", "{3420F8A9-125C-4F7F-A444-10DD16945754}"
EndProject
Project("{FAE04EC0-301F-11D3-BF4B-00C04F79EFBC}") = "PluralKit.Tests", "PluralKit.Tests\PluralKit.Tests.csproj", "{752FE725-5EE1-45E9-B721-0CDD28171AC8}"
EndProject
Global
	GlobalSection(SolutionConfigurationPlatforms) = preSolution
		Debug|Any CPU = Debug|Any CPU
		Release|Any CPU = Release|Any CPU
	EndGlobalSection
	GlobalSection(ProjectConfigurationPlatforms) = postSolution
		{F2C5562D-FD96-4C11-B54E-93737D127959}.Debug|Any CPU.ActiveCfg = Debug|Any CPU
		{F2C5562D-FD96-4C11-B54E-93737D127959}.Debug|Any CPU.Build.0 = Debug|Any CPU
		{F2C5562D-FD96-4C11-B54E-93737D127959}.Release|Any CPU.ActiveCfg = Release|Any CPU
		{F2C5562D-FD96-4C11-B54E-93737D127959}.Release|Any CPU.Build.0 = Release|Any CPU
		{5DBE037D-179D-4C05-8A28-35E37129C961}.Debug|Any CPU.ActiveCfg = Debug|Any CPU
		{5DBE037D-179D-4C05-8A28-35E37129C961}.Debug|Any CPU.Build.0 = Debug|Any CPU
		{5DBE037D-179D-4C05-8A28-35E37129C961}.Release|Any CPU.ActiveCfg = Release|Any CPU
		{5DBE037D-179D-4C05-8A28-35E37129C961}.Release|Any CPU.Build.0 = Release|Any CPU
		{3420F8A9-125C-4F7F-A444-10DD16945754}.Debug|Any CPU.ActiveCfg = Debug|Any CPU
		{3420F8A9-125C-4F7F-A444-10DD16945754}.Debug|Any CPU.Build.0 = Debug|Any CPU
		{3420F8A9-125C-4F7F-A444-10DD16945754}.Release|Any CPU.ActiveCfg = Release|Any CPU
		{3420F8A9-125C-4F7F-A444-10DD16945754}.Release|Any CPU.Build.0 = Release|Any CPU
		{752FE725-5EE1-45E9-B721-0CDD28171AC8}.Debug|Any CPU.ActiveCfg = Debug|Any CPU
		{752FE725-5EE1-45E9-B721-0CDD28171AC8}.Debug|Any CPU.Build.0 = Debug|Any CPU
		{752FE725-5EE1-45E9-B721-0CDD28171AC8}.Release|Any CPU.ActiveCfg = Release|Any CPU
		{752FE725-5EE1-45E9-B721-0CDD28171AC8}.Release|Any CPU.Build.0 = Release|Any CPU
	EndGlobalSection
EndGlobal
