{
  "version": 1,
  "dependencies": {
    "net8.0": {
      "coverlet.collector": {
        "type": "Direct",
        "requested": "[6.0.2, )",
        "resolved": "6.0.2",
        "contentHash": "bJShQ6uWRTQ100ZeyiMqcFlhP7WJ+bCuabUs885dJiBEzMsJMSFr7BOyeCw4rgvQokteGi5rKQTlkhfQPUXg2A=="
      },
      "Microsoft.NET.Test.Sdk": {
        "type": "Direct",
        "requested": "[17.12.0, )",
        "resolved": "17.12.0",
        "contentHash": "kt/PKBZ91rFCWxVIJZSgVLk+YR+4KxTuHf799ho8WNiK5ZQpJNAEZCAWX86vcKrs+DiYjiibpYKdGZP6+/N17w==",
        "dependencies": {
          "Microsoft.CodeCoverage": "17.12.0",
          "Microsoft.TestPlatform.TestHost": "17.12.0"
        }
      },
      "xunit": {
        "type": "Direct",
        "requested": "[2.9.2, )",
        "resolved": "2.9.2",
        "contentHash": "7LhFS2N9Z6Xgg8aE5lY95cneYivRMfRI8v+4PATa4S64D5Z/Plkg0qa8dTRHSiGRgVZ/CL2gEfJDE5AUhOX+2Q==",
        "dependencies": {
          "xunit.analyzers": "1.16.0",
          "xunit.assert": "2.9.2",
          "xunit.core": "[2.9.2]"
        }
      },
      "xunit.runner.visualstudio": {
        "type": "Direct",
        "requested": "[2.8.2, )",
        "resolved": "2.8.2",
        "contentHash": "vm1tbfXhFmjFMUmS4M0J0ASXz3/U5XvXBa6DOQUL3fEz4Vt6YPhv+ESCarx6M6D+9kJkJYZKCNvJMas1+nVfmQ=="
      },
      "App.Metrics": {
        "type": "Transitive",
        "resolved": "4.3.0",
        "contentHash": "D2eDXyfrl+lXigXsQTv/81JCxUPTjgwsazK5neA3NOg87tNmBpFqeVJppI/qLKyC8yklTU2ekZDFX5hKechu6A==",
        "dependencies": {
          "App.Metrics.Core": "4.3.0",
          "App.Metrics.Formatters.Json": "4.3.0"
        }
      },
      "App.Metrics.Abstractions": {
        "type": "Transitive",
        "resolved": "4.3.0",
        "contentHash": "ekSlyVgN6foN6rmwVmRGBr0j5ufgRPsO5f7Md2fc3q44vkBNYpjsRLiUQsIXCSVI3NHorkrZh8aL4eRcLkVDGw==",
        "dependencies": {
          "Microsoft.Bcl.AsyncInterfaces": "1.0.0"
        }
      },
      "App.Metrics.Concurrency": {
        "type": "Transitive",
        "resolved": "4.3.0",
        "contentHash": "otryWX9AR7wLPD49glbxvbYc16pnDOEezHsAtf5oVjhAa/fD+fjhI11MOgzBOjFpkH7z2FLl/gtZ0lwSdNxSag=="
      },
      "App.Metrics.Core": {
        "type": "Transitive",
        "resolved": "4.3.0",
        "contentHash": "HhW4n2fF+WBi6ctCpwsYkKCSeLhG5Y17e31kSkdESNAdPvroI9szlzW3WoY20qsB3bCldrGPPnCN6jXI1t3agA==",
        "dependencies": {
          "App.Metrics.Abstractions": "4.3.0",
          "App.Metrics.Concurrency": "4.3.0",
          "App.Metrics.Formatters.Ascii": "4.3.0",
          "Microsoft.CSharp": "4.4.0"
        }
      },
      "App.Metrics.Formatters.Ascii": {
        "type": "Transitive",
        "resolved": "4.3.0",
        "contentHash": "PPacBFRji8wTGv8rs13fPmAVlOit7CAvkdPkZ6aYgtUa75e0v4fYzwqPcLxokCqdQXW96PpKPfC0VZZeDkgljg==",
        "dependencies": {
          "App.Metrics.Abstractions": "4.3.0"
        }
      },
      "App.Metrics.Formatters.InfluxDB": {
        "type": "Transitive",
        "resolved": "4.3.0",
        "contentHash": "p7SOLha8ZZVxuOkbNBwOk8bjhszI6+WVoeKkgE662wm6z3erm7jYkIKFusi9LbNH6rW8FmPiiDeQ1Dvu4oTB4Q==",
        "dependencies": {
          "App.Metrics.Core": "4.3.0"
        }
      },
      "App.Metrics.Formatters.Json": {
        "type": "Transitive",
        "resolved": "4.3.0",
        "contentHash": "H+4Q407Xa5nuBagooMeh5UAuGHWfKZRsinpwr9dtyV+LZbhAS5yheAAMPY1Xs/g0zzI3zJQJDRy7iX0totAcYA==",
        "dependencies": {
          "App.Metrics.Abstractions": "4.3.0",
          "System.Text.Json": "4.7.2"
        }
      },
      "App.Metrics.Reporting.InfluxDB": {
        "type": "Transitive",
        "resolved": "4.3.0",
        "contentHash": "uWKptdl0DlVZqlrP6YzvZko037xHhihNNmANw0FzwyF8VvJIcEBfMmLq1b3A7ljiEAV56V0bm0Rn/H0n9EZ2kw==",
        "dependencies": {
          "App.Metrics.Abstractions": "4.3.0",
          "App.Metrics.Formatters.InfluxDB": "4.3.0"
        }
      },
      "AppFact.SerilogOpenSearchSink": {
        "type": "Transitive",
        "resolved": "0.0.8",
        "contentHash": "RI3lfmvAwhqrYwy5KPqsBT/tB/opSzeoVH2WUfvGKNBpl6ILCw/5wE8+19L+XMzBFVqgZ5QmkQ2PqTzG9I/ckA==",
        "dependencies": {
          "OpenSearch.Client": "1.4.0",
          "Serilog": "2.12.0"
        }
      },
      "Autofac": {
        "type": "Transitive",
        "resolved": "8.1.1",
        "contentHash": "lhHjVB/XJtxPDUQ/FAHWAC7Spu+P9TNfDbyx2W0ABqD1eTRo7TkcZ7l7Oq1S5pKNg7NXswdk9uH73qbOzSwQFA==",
        "dependencies": {
          "System.Diagnostics.DiagnosticSource": "8.0.1"
        }
      },
      "Autofac.Extensions.DependencyInjection": {
        "type": "Transitive",
        "resolved": "10.0.0",
        "contentHash": "ZjR/onUlP7BzQ7VBBigQepWLAyAzi3VRGX3pP6sBqkPRiT61fsTZqbTpRUKxo30TMgbs1o3y6bpLbETix4SJog==",
        "dependencies": {
          "Autofac": "8.1.0",
          "Microsoft.Extensions.DependencyInjection.Abstractions": "8.0.1"
        }
      },
      "CavemanTcp": {
        "type": "Transitive",
        "resolved": "2.0.5",
        "contentHash": "90wywmGpjrj26HMAkufYZwuZI8sVYB1mRwEdqugSR3kgDnPX+3l0jO86gwtFKsPvsEpsS4Dn/1EbhguzUxMU8Q=="
      },
      "Dapper": {
        "type": "Transitive",
        "resolved": "2.1.35",
        "contentHash": "YKRwjVfrG7GYOovlGyQoMvr1/IJdn+7QzNXJxyMh0YfFF5yvDmTYaJOVYWsckreNjGsGSEtrMTpnzxTUq/tZQw=="
      },
      "Dapper.Contrib": {
        "type": "Transitive",
        "resolved": "2.0.78",
        "contentHash": "sUfDVIf8LlHNiz3MfUFodeyRiemfN1JFkPxYjCxFWlwNPg1iQ49mB+0E89TkywWs4X8fiRWOVDQgtH5FtzK5Kw==",
        "dependencies": {
          "Dapper": "2.0.78"
        }
      },
      "Elasticsearch.Net": {
        "type": "Transitive",
        "resolved": "7.17.5",
        "contentHash": "orChsQi1Ceho/NyIylNOn6y4vuGcsbCfMZnCueNN0fzqYEGQmQdPfcVmsR5+3fwpXTgxCdjTUVmqOwvHpCSB+Q==",
        "dependencies": {
          "Microsoft.CSharp": "4.6.0",
          "System.Buffers": "4.5.1",
          "System.Diagnostics.DiagnosticSource": "5.0.0"
        }
      },
      "Humanizer.Core": {
        "type": "Transitive",
        "resolved": "2.14.1",
        "contentHash": "lQKvtaTDOXnoVJ20ibTuSIOf2i0uO0MPbDhd1jm238I+U/2ZnRENj0cktKZhtchBMtCUSRQ5v4xBCUbKNmyVMw=="
      },
      "IpMatcher": {
        "type": "Transitive",
        "resolved": "1.0.5",
        "contentHash": "WXNlWERj+0GN699AnMNsuJ7PfUAbU4xhOHP3nrNXLHqbOaBxybu25luSYywX1133NSlitA4YkSNmJuyPvea4sw=="
      },
      "IPNetwork2": {
        "type": "Transitive",
        "resolved": "3.0.667",
        "contentHash": "0GgNIm12cDtI0Kc8oaVbgSQgqQ+yJuOyf1oyJ9eQ+Xt4uQ/2ZTvoTf6KBuRxjWF7rTD+1AreUES5khMecGAuTg=="
      },
      "Microsoft.AspNetCore.JsonPatch": {
        "type": "Transitive",
        "resolved": "8.0.11",
        "contentHash": "l1tFnQm2LtFE3M9YRM/bdwtxxCV50Y5jnN0LjliQH1sqvWsN46++Uu3QCJL9IdOweFvXSf3Shi7DI/Vc1jkdKA==",
        "dependencies": {
          "Microsoft.CSharp": "4.7.0",
          "Newtonsoft.Json": "13.0.3"
        }
      },
      "Microsoft.AspNetCore.Mvc.NewtonsoftJson": {
        "type": "Transitive",
        "resolved": "8.0.11",
        "contentHash": "XcfFd8e0g2M0mcAKVNgoHJtWYJfKrPntHhgqiZ1Ci37i3AEJbM0GHIa715i0UPSksiKmDxsJWXnM3rg8keF/Zg==",
        "dependencies": {
          "Microsoft.AspNetCore.JsonPatch": "8.0.11",
          "Newtonsoft.Json": "13.0.3",
          "Newtonsoft.Json.Bson": "1.0.2"
        }
      },
      "Microsoft.AspNetCore.Mvc.Versioning": {
        "type": "Transitive",
        "resolved": "5.1.0",
        "contentHash": "UX8w9BlCiZpr6Ox4YAve1w0CkI1CAovukGNzKd7v0+5pZc8lzuG5tRovucr1RWIKHs0E/Yx8563CN7KzaB3bpw=="
      },
      "Microsoft.AspNetCore.Mvc.Versioning.ApiExplorer": {
        "type": "Transitive",
        "resolved": "5.1.0",
        "contentHash": "p45pSXCJPbx+p9gFNNQPUC547KpqP5cRJke6aygq/M7UzCrJNmJNqD+65pIpY4muYbINqlgrC47h1oc0WbuP1g==",
        "dependencies": {
          "Microsoft.AspNetCore.Mvc.Versioning": "5.1.0"
        }
      },
      "Microsoft.Bcl.AsyncInterfaces": {
        "type": "Transitive",
        "resolved": "6.0.0",
        "contentHash": "UcSjPsst+DfAdJGVDsu346FX0ci0ah+lw3WRtn18NUwEqRt70HaOQ7lI72vy3+1LxtqI3T5GWwV39rQSrCzAeg=="
      },
      "Microsoft.CodeCoverage": {
        "type": "Transitive",
        "resolved": "17.12.0",
        "contentHash": "4svMznBd5JM21JIG2xZKGNanAHNXplxf/kQDFfLHXQ3OnpJkayRK/TjacFjA+EYmoyuNXHo/sOETEfcYtAzIrA=="
      },
      "Microsoft.CSharp": {
        "type": "Transitive",
        "resolved": "4.7.0",
        "contentHash": "pTj+D3uJWyN3My70i2Hqo+OXixq3Os2D1nJ2x92FFo6sk8fYS1m1WLNTs0Dc1uPaViH0YvEEwvzddQ7y4rhXmA=="
      },
      "Microsoft.Extensions.Caching.Abstractions": {
        "type": "Transitive",
        "resolved": "9.0.0",
        "contentHash": "FPWZAa9c0H4dvOj351iR1jkUIs4u9ykL4Bm592yhjDyO5lCoWd+TMAHx2EMbarzUvCvgjWjJIoC6//Q9kH6YhA==",
        "dependencies": {
          "Microsoft.Extensions.Primitives": "9.0.0"
        }
      },
      "Microsoft.Extensions.Caching.Memory": {
        "type": "Transitive",
        "resolved": "9.0.0",
        "contentHash": "zbnPX/JQ0pETRSUG9fNPBvpIq42Aufvs15gGYyNIMhCun9yhmWihz0WgsI7bSDPjxWTKBf8oX/zv6v2uZ3W9OQ==",
        "dependencies": {
          "Microsoft.Extensions.Caching.Abstractions": "9.0.0",
          "Microsoft.Extensions.DependencyInjection.Abstractions": "9.0.0",
          "Microsoft.Extensions.Logging.Abstractions": "9.0.0",
          "Microsoft.Extensions.Options": "9.0.0",
          "Microsoft.Extensions.Primitives": "9.0.0"
        }
      },
      "Microsoft.Extensions.Configuration": {
        "type": "Transitive",
        "resolved": "9.0.0",
        "contentHash": "YIMO9T3JL8MeEXgVozKt2v79hquo/EFtnY0vgxmLnUvk1Rei/halI7kOWZL2RBeV9FMGzgM9LZA8CVaNwFMaNA==",
        "dependencies": {
          "Microsoft.Extensions.Configuration.Abstractions": "9.0.0",
          "Microsoft.Extensions.Primitives": "9.0.0"
        }
      },
      "Microsoft.Extensions.Configuration.Abstractions": {
        "type": "Transitive",
        "resolved": "9.0.0",
        "contentHash": "lqvd7W3FGKUO1+ZoUEMaZ5XDJeWvjpy2/M/ptCGz3tXLD4HWVaSzjufsAsjemasBEg+2SxXVtYVvGt5r2nKDlg==",
        "dependencies": {
          "Microsoft.Extensions.Primitives": "9.0.0"
        }
      },
      "Microsoft.Extensions.Configuration.Binder": {
        "type": "Transitive",
        "resolved": "9.0.0",
        "contentHash": "RiScL99DcyngY9zJA2ROrri7Br8tn5N4hP4YNvGdTN/bvg1A3dwvDOxHnNZ3Im7x2SJ5i4LkX1uPiR/MfSFBLQ==",
        "dependencies": {
          "Microsoft.Extensions.Configuration.Abstractions": "9.0.0"
        }
      },
      "Microsoft.Extensions.Configuration.CommandLine": {
        "type": "Transitive",
        "resolved": "9.0.0",
        "contentHash": "qD+hdkBtR9Ps7AxfhTJCnoVakkadHgHlD1WRN0QHGHod+SDuca1ao1kF4G2rmpAz2AEKrE2N2vE8CCCZ+ILnNw==",
        "dependencies": {
          "Microsoft.Extensions.Configuration": "9.0.0",
          "Microsoft.Extensions.Configuration.Abstractions": "9.0.0"
        }
      },
      "Microsoft.Extensions.Configuration.EnvironmentVariables": {
        "type": "Transitive",
        "resolved": "9.0.0",
        "contentHash": "v5R638eNMxksfXb7MFnkPwLPp+Ym4W/SIGNuoe8qFVVyvygQD5DdLusybmYSJEr9zc1UzWzim/ATKeIOVvOFDg==",
        "dependencies": {
          "Microsoft.Extensions.Configuration": "9.0.0",
          "Microsoft.Extensions.Configuration.Abstractions": "9.0.0"
        }
      },
      "Microsoft.Extensions.Configuration.FileExtensions": {
        "type": "Transitive",
        "resolved": "9.0.0",
        "contentHash": "4EK93Jcd2lQG4GY6PAw8jGss0ZzFP0vPc1J85mES5fKNuDTqgFXHba9onBw2s18fs3I4vdo2AWyfD1mPAxWSQQ==",
        "dependencies": {
          "Microsoft.Extensions.Configuration": "9.0.0",
          "Microsoft.Extensions.Configuration.Abstractions": "9.0.0",
          "Microsoft.Extensions.FileProviders.Abstractions": "9.0.0",
          "Microsoft.Extensions.FileProviders.Physical": "9.0.0",
          "Microsoft.Extensions.Primitives": "9.0.0"
        }
      },
      "Microsoft.Extensions.Configuration.Json": {
        "type": "Transitive",
        "resolved": "9.0.0",
        "contentHash": "WiTK0LrnsqmedrbzwL7f4ZUo+/wByqy2eKab39I380i2rd8ImfCRMrtkqJVGDmfqlkP/YzhckVOwPc5MPrSNpg==",
        "dependencies": {
          "Microsoft.Extensions.Configuration": "9.0.0",
          "Microsoft.Extensions.Configuration.Abstractions": "9.0.0",
          "Microsoft.Extensions.Configuration.FileExtensions": "9.0.0",
          "Microsoft.Extensions.FileProviders.Abstractions": "9.0.0",
          "System.Text.Json": "9.0.0"
        }
      },
      "Microsoft.Extensions.DependencyInjection": {
        "type": "Transitive",
        "resolved": "9.0.0",
        "contentHash": "MCPrg7v3QgNMr0vX4vzRXvkNGgLg8vKWX0nKCWUxu2uPyMsaRgiRc1tHBnbTcfJMhMKj2slE/j2M9oGkd25DNw==",
        "dependencies": {
          "Microsoft.Extensions.DependencyInjection.Abstractions": "9.0.0"
        }
      },
      "Microsoft.Extensions.DependencyInjection.Abstractions": {
        "type": "Transitive",
        "resolved": "9.0.0",
        "contentHash": "+6f2qv2a3dLwd5w6JanPIPs47CxRbnk+ZocMJUhv9NxP88VlOcJYZs9jY+MYSjxvady08bUZn6qgiNh7DadGgg=="
      },
      "Microsoft.Extensions.DependencyModel": {
        "type": "Transitive",
        "resolved": "9.0.0",
        "contentHash": "saxr2XzwgDU77LaQfYFXmddEDRUKHF4DaGMZkNB3qjdVSZlax3//dGJagJkKrGMIPNZs2jVFXITyCCR6UHJNdA==",
        "dependencies": {
          "System.Text.Encodings.Web": "9.0.0",
          "System.Text.Json": "9.0.0"
        }
      },
      "Microsoft.Extensions.Diagnostics.Abstractions": {
        "type": "Transitive",
        "resolved": "9.0.0",
        "contentHash": "1K8P7XzuzX8W8pmXcZjcrqS6x5eSSdvhQohmcpgiQNY/HlDAlnrhR9dvlURfFz428A+RTCJpUyB+aKTA6AgVcQ==",
        "dependencies": {
          "Microsoft.Extensions.DependencyInjection.Abstractions": "9.0.0",
          "Microsoft.Extensions.Options": "9.0.0",
          "System.Diagnostics.DiagnosticSource": "9.0.0"
        }
      },
      "Microsoft.Extensions.FileProviders.Abstractions": {
        "type": "Transitive",
        "resolved": "9.0.0",
        "contentHash": "uK439QzYR0q2emLVtYzwyK3x+T5bTY4yWsd/k/ZUS9LR6Sflp8MIdhGXW8kQCd86dQD4tLqvcbLkku8qHY263Q==",
        "dependencies": {
          "Microsoft.Extensions.Primitives": "9.0.0"
        }
      },
      "Microsoft.Extensions.FileProviders.Physical": {
        "type": "Transitive",
        "resolved": "9.0.0",
        "contentHash": "3+ZUSpOSmie+o8NnLIRqCxSh65XL/ExU7JYnFOg58awDRlY3lVpZ9A369jkoZL1rpsq7LDhEfkn2ghhGaY1y5Q==",
        "dependencies": {
          "Microsoft.Extensions.FileProviders.Abstractions": "9.0.0",
          "Microsoft.Extensions.FileSystemGlobbing": "9.0.0",
          "Microsoft.Extensions.Primitives": "9.0.0"
        }
      },
      "Microsoft.Extensions.FileSystemGlobbing": {
        "type": "Transitive",
        "resolved": "9.0.0",
        "contentHash": "jGFKZiXs2HNseK3NK/rfwHNNovER71jSj4BD1a/649ml9+h6oEtYd0GSALZDNW8jZ2Rh+oAeadOa6sagYW1F2A=="
      },
      "Microsoft.Extensions.Hosting.Abstractions": {
        "type": "Transitive",
        "resolved": "9.0.0",
        "contentHash": "yUKJgu81ExjvqbNWqZKshBbLntZMbMVz/P7Way2SBx7bMqA08Mfdc9O7hWDKAiSp+zPUGT6LKcSCQIPeDK+CCw==",
        "dependencies": {
          "Microsoft.Extensions.Configuration.Abstractions": "9.0.0",
          "Microsoft.Extensions.DependencyInjection.Abstractions": "9.0.0",
          "Microsoft.Extensions.Diagnostics.Abstractions": "9.0.0",
          "Microsoft.Extensions.FileProviders.Abstractions": "9.0.0",
          "Microsoft.Extensions.Logging.Abstractions": "9.0.0"
        }
      },
      "Microsoft.Extensions.Logging": {
        "type": "Transitive",
        "resolved": "9.0.0",
        "contentHash": "crjWyORoug0kK7RSNJBTeSE6VX8IQgLf3nUpTB9m62bPXp/tzbnOsnbe8TXEG0AASNaKZddnpHKw7fET8E++Pg==",
        "dependencies": {
          "Microsoft.Extensions.DependencyInjection": "9.0.0",
          "Microsoft.Extensions.Logging.Abstractions": "9.0.0",
          "Microsoft.Extensions.Options": "9.0.0"
        }
      },
      "Microsoft.Extensions.Logging.Abstractions": {
        "type": "Transitive",
        "resolved": "9.0.0",
        "contentHash": "g0UfujELzlLbHoVG8kPKVBaW470Ewi+jnptGS9KUi6jcb+k2StujtK3m26DFSGGwQ/+bVgZfsWqNzlP6YOejvw==",
        "dependencies": {
          "Microsoft.Extensions.DependencyInjection.Abstractions": "9.0.0",
          "System.Diagnostics.DiagnosticSource": "9.0.0"
        }
      },
      "Microsoft.Extensions.Options": {
        "type": "Transitive",
        "resolved": "9.0.0",
        "contentHash": "y2146b3jrPI3Q0lokKXdKLpmXqakYbDIPDV6r3M8SqvSf45WwOTzkyfDpxnZXJsJQEpAsAqjUq5Pu8RCJMjubg==",
        "dependencies": {
          "Microsoft.Extensions.DependencyInjection.Abstractions": "9.0.0",
          "Microsoft.Extensions.Primitives": "9.0.0"
        }
      },
      "Microsoft.Extensions.Primitives": {
        "type": "Transitive",
        "resolved": "9.0.0",
        "contentHash": "N3qEBzmLMYiASUlKxxFIISP4AiwuPTHF5uCh+2CWSwwzAJiIYx0kBJsS30cp1nvhSySFAVi30jecD307jV+8Kg=="
      },
      "Microsoft.NETCore.Platforms": {
        "type": "Transitive",
        "resolved": "1.1.0",
        "contentHash": "kz0PEW2lhqygehI/d6XsPCQzD7ff7gUJaVGPVETX611eadGsA3A877GdSlU0LRVMCTH/+P3o2iDTak+S08V2+A=="
      },
      "Microsoft.NETCore.Targets": {
        "type": "Transitive",
        "resolved": "1.1.0",
        "contentHash": "aOZA3BWfz9RXjpzt0sRJJMjAscAUm3Hoa4UWAfceV9UTYxgwZ1lZt5nO2myFf+/jetYQo4uTP7zS8sJY67BBxg=="
      },
      "Microsoft.TestPlatform.ObjectModel": {
        "type": "Transitive",
        "resolved": "17.12.0",
        "contentHash": "TDqkTKLfQuAaPcEb3pDDWnh7b3SyZF+/W9OZvWFp6eJCIiiYFdSB6taE2I6tWrFw5ywhzOb6sreoGJTI6m3rSQ==",
        "dependencies": {
          "System.Reflection.Metadata": "1.6.0"
        }
      },
      "Microsoft.TestPlatform.TestHost": {
        "type": "Transitive",
        "resolved": "17.12.0",
        "contentHash": "MiPEJQNyADfwZ4pJNpQex+t9/jOClBGMiCiVVFuELCMSX2nmNfvUor3uFVxNNCg30uxDP8JDYfPnMXQzsfzYyg==",
        "dependencies": {
          "Microsoft.TestPlatform.ObjectModel": "17.12.0",
          "Newtonsoft.Json": "13.0.1"
        }
      },
      "Newtonsoft.Json": {
        "type": "Transitive",
        "resolved": "13.0.3",
        "contentHash": "HrC5BXdl00IP9zeV+0Z848QWPAoCr9P3bDEZguI+gkLcBKAOxix/tLEAAHC+UvDNPv4a2d18lOReHMOagPa+zQ=="
      },
      "Newtonsoft.Json.Bson": {
        "type": "Transitive",
        "resolved": "1.0.2",
        "contentHash": "QYFyxhaABwmq3p/21VrZNYvCg3DaEoN/wUuw5nmfAf0X3HLjgupwhkEWdgfb9nvGAUIv3osmZoD3kKl4jxEmYQ==",
        "dependencies": {
          "Newtonsoft.Json": "12.0.1"
        }
      },
      "NodaTime": {
        "type": "Transitive",
        "resolved": "3.2.0",
        "contentHash": "yoRA3jEJn8NM0/rQm78zuDNPA3DonNSZdsorMUj+dltc1D+/Lc5h9YXGqbEEZozMGr37lAoYkcSM/KjTVqD0ow=="
      },
      "NodaTime.Serialization.JsonNet": {
        "type": "Transitive",
        "resolved": "3.1.0",
        "contentHash": "eEr9lXUz50TYr4rpeJG4TDAABkpxjIKr5mDSi/Zav8d6Njy6fH7x4ZtNwWFj0Vd+vIvEZNrHFQ4Gfy8j4BqRGg==",
        "dependencies": {
          "Newtonsoft.Json": "13.0.3",
          "NodaTime": "[3.0.0, 4.0.0)"
        }
      },
      "Npgsql": {
        "type": "Transitive",
        "resolved": "9.0.2",
        "contentHash": "hCbO8box7i/XXiTFqCJ3GoowyLqx3JXxyrbOJ6om7dr+eAknvBNhhUHeJVGAQo44sySZTfdVffp4BrtPeLZOAA==",
        "dependencies": {
          "Microsoft.Extensions.Logging.Abstractions": "8.0.2"
        }
      },
      "Npgsql.NodaTime": {
        "type": "Transitive",
        "resolved": "9.0.2",
        "contentHash": "jURb6VGmmR3pPae2N3HrUixSZ/U5ovqZgg/qo3m5Rq/q0m2fpxbZcsHZo21s5MLa/AfJAx4hcFMY98D4RtLdcg==",
        "dependencies": {
          "NodaTime": "3.2.0",
          "Npgsql": "9.0.2"
        }
      },
      "OpenSearch.Client": {
        "type": "Transitive",
        "resolved": "1.4.0",
        "contentHash": "91TXm+I8PzxT0yxkf0q5Quee5stVcIFys56pU8+M3+Kiakx+aiaTAlZJHfA3Oy6dMJndNkVm37IPKYCqN3dS4g==",
        "dependencies": {
          "OpenSearch.Net": "1.4.0"
        }
      },
      "OpenSearch.Net": {
        "type": "Transitive",
        "resolved": "1.4.0",
        "contentHash": "xCM6m3aArN9gXIl2DvWXaDlbpjOBbgMeRPsAM7s1eDbWhu8wKNyfPNKSfep4JlYXkZ7N6Oi/+lmi+G3/SpcqlQ==",
        "dependencies": {
          "Microsoft.CSharp": "4.7.0",
          "System.Buffers": "4.5.1",
          "System.Diagnostics.DiagnosticSource": "6.0.1"
        }
      },
      "Pipelines.Sockets.Unofficial": {
        "type": "Transitive",
        "resolved": "2.2.8",
        "contentHash": "zG2FApP5zxSx6OcdJQLbZDk2AVlN2BNQD6MorwIfV6gVj0RRxWPEp2LXAxqDGZqeNV1Zp0BNPcNaey/GXmTdvQ==",
        "dependencies": {
          "System.IO.Pipelines": "5.0.1"
        }
      },
      "Polly": {
        "type": "Transitive",
        "resolved": "8.5.0",
        "contentHash": "GBNZPy7i7OpkaIruWPRJ0+AWzdGDQDnKY91b7Ic2aAch4lKhPjUc5KSffpH9krIWe0MoyghqaRxwRC0Uwz2PkA==",
        "dependencies": {
          "Polly.Core": "8.5.0"
        }
      },
      "Polly.Contrib.WaitAndRetry": {
        "type": "Transitive",
        "resolved": "1.1.1",
        "contentHash": "1MUQLiSo4KDkQe6nzQRhIU05lm9jlexX5BVsbuw0SL82ynZ+GzAHQxJVDPVBboxV37Po3SG077aX8DuSy8TkaA=="
      },
      "Polly.Core": {
        "type": "Transitive",
        "resolved": "8.5.0",
        "contentHash": "VYYMZNitZ85UEhwOKkTQI63WEMvzUqwQc74I2mm8h/DBVAMcBBxqYPni4DmuRtbCwngmuONuK2yBJfWNRKzI+A=="
      },
      "RegexMatcher": {
        "type": "Transitive",
        "resolved": "1.0.9",
        "contentHash": "RkQGXIrqHjD5h1mqefhgCbkaSdRYNRG5rrbzyw5zeLWiS0K1wq9xR3cNhQdzYR2MsKZ3GN523yRUsEQIMPxh3Q=="
      },
      "Sentry": {
        "type": "Transitive",
        "resolved": "4.13.0",
        "contentHash": "Wfw3M1WpFcrYaGzPm7QyUTfIOYkVXQ1ry6p4WYjhbLz9fPwV23SGQZTFDpdox67NHM0V0g1aoQ4YKLm4ANtEEg=="
      },
      "Serilog": {
        "type": "Transitive",
        "resolved": "4.2.0",
        "contentHash": "gmoWVOvKgbME8TYR+gwMf7osROiWAURterc6Rt2dQyX7wtjZYpqFiA/pY6ztjGQKKV62GGCyOcmtP1UKMHgSmA=="
      },
      "Serilog.AspNetCore": {
        "type": "Transitive",
        "resolved": "9.0.0",
        "contentHash": "JslDajPlBsn3Pww1554flJFTqROvK9zz9jONNQgn0D8Lx2Trw8L0A8/n6zEQK1DAZWXrJwiVLw8cnTR3YFuYsg==",
        "dependencies": {
          "Serilog": "4.2.0",
          "Serilog.Extensions.Hosting": "9.0.0",
          "Serilog.Formatting.Compact": "3.0.0",
          "Serilog.Settings.Configuration": "9.0.0",
          "Serilog.Sinks.Console": "6.0.0",
          "Serilog.Sinks.Debug": "3.0.0",
          "Serilog.Sinks.File": "6.0.0"
        }
      },
      "Serilog.Extensions.Hosting": {
        "type": "Transitive",
        "resolved": "9.0.0",
        "contentHash": "u2TRxuxbjvTAldQn7uaAwePkWxTHIqlgjelekBtilAGL5sYyF3+65NWctN4UrwwGLsDC7c3Vz3HnOlu+PcoxXg==",
        "dependencies": {
          "Microsoft.Extensions.DependencyInjection.Abstractions": "9.0.0",
          "Microsoft.Extensions.Hosting.Abstractions": "9.0.0",
          "Microsoft.Extensions.Logging.Abstractions": "9.0.0",
          "Serilog": "4.2.0",
          "Serilog.Extensions.Logging": "9.0.0"
        }
      },
      "Serilog.Extensions.Logging": {
        "type": "Transitive",
        "resolved": "9.0.0",
        "contentHash": "NwSSYqPJeKNzl5AuXVHpGbr6PkZJFlNa14CdIebVjK3k/76kYj/mz5kiTRNVSsSaxM8kAIa1kpy/qyT9E4npRQ==",
        "dependencies": {
          "Microsoft.Extensions.Logging": "9.0.0",
          "Serilog": "4.2.0"
        }
      },
      "Serilog.Formatting.Compact": {
        "type": "Transitive",
        "resolved": "3.0.0",
        "contentHash": "wQsv14w9cqlfB5FX2MZpNsTawckN4a8dryuNGbebB/3Nh1pXnROHZov3swtu3Nj5oNG7Ba+xdu7Et/ulAUPanQ==",
        "dependencies": {
          "Serilog": "4.0.0"
        }
      },
      "Serilog.Formatting.Elasticsearch": {
        "type": "Transitive",
        "resolved": "10.0.0",
        "contentHash": "N9FsqRnl+rQOD2ldJMbEgPySwFDkUB8s6PCj5e92ryektgyZNFze3R2c1nwGOz6jhJ2aIzBIBNDM69CCzdHO0w==",
        "dependencies": {
          "Serilog": "2.12.0"
        }
      },
      "Serilog.NodaTime": {
        "type": "Transitive",
        "resolved": "3.0.0",
        "contentHash": "F+eeRNlJZK3g9z2+c/v/WZTGHeqmnwOseQ0jMiVnW2XiKRLY9hLBopBRPbmdkhQNYtYpO9PTjcVRMHQ0Z44MmA==",
        "dependencies": {
          "NodaTime": "[3.0.0, 4.0.0)",
          "Serilog": "2.9.0"
        }
      },
      "Serilog.Settings.Configuration": {
        "type": "Transitive",
        "resolved": "9.0.0",
        "contentHash": "4/Et4Cqwa+F88l5SeFeNZ4c4Z6dEAIKbu3MaQb2Zz9F/g27T5a3wvfMcmCOaAiACjfUb4A6wrlTVfyYUZk3RRQ==",
        "dependencies": {
          "Microsoft.Extensions.Configuration.Binder": "9.0.0",
          "Microsoft.Extensions.DependencyModel": "9.0.0",
          "Serilog": "4.2.0"
        }
      },
      "Serilog.Sinks.Async": {
        "type": "Transitive",
        "resolved": "2.1.0",
        "contentHash": "SnmRknWsSMgyo9wDXeZZCqSp48kkQYy44taSM6vcpxfiRICzSf09oLKEmVr0RCwQnfd8mJQ2WNN6nvhqf0RowQ==",
        "dependencies": {
          "Serilog": "4.1.0"
        }
      },
      "Serilog.Sinks.Console": {
        "type": "Transitive",
        "resolved": "6.0.0",
        "contentHash": "fQGWqVMClCP2yEyTXPIinSr5c+CBGUvBybPxjAGcf7ctDhadFhrQw03Mv8rJ07/wR5PDfFjewf2LimvXCDzpbA==",
        "dependencies": {
          "Serilog": "4.0.0"
        }
      },
      "Serilog.Sinks.Debug": {
        "type": "Transitive",
        "resolved": "3.0.0",
        "contentHash": "4BzXcdrgRX7wde9PmHuYd9U6YqycCC28hhpKonK7hx0wb19eiuRj16fPcPSVp0o/Y1ipJuNLYQ00R3q2Zs8FDA==",
        "dependencies": {
          "Serilog": "4.0.0"
        }
      },
      "Serilog.Sinks.Elasticsearch": {
        "type": "Transitive",
        "resolved": "10.0.0",
        "contentHash": "9MzR3UeQ/ZBu21K0gYHry4GFWeHFvizRwXnnDvoYc/ComnIzkrfkMNmiAzcMsyx3pHTVLuQSgHs209jM6opSjQ==",
        "dependencies": {
          "Elasticsearch.Net": "7.17.5",
          "Serilog": "3.1.1",
          "Serilog.Formatting.Compact": "2.0.0",
          "Serilog.Formatting.Elasticsearch": "10.0.0",
          "Serilog.Sinks.File": "5.0.0",
          "Serilog.Sinks.PeriodicBatching": "4.0.0",
          "System.Diagnostics.DiagnosticSource": "7.0.2"
        }
      },
      "Serilog.Sinks.File": {
        "type": "Transitive",
        "resolved": "6.0.0",
        "contentHash": "lxjg89Y8gJMmFxVkbZ+qDgjl+T4yC5F7WSLTvA+5q0R04tfKVLRL/EHpYoJ/MEQd2EeCKDuylBIVnAYMotmh2A==",
        "dependencies": {
          "Serilog": "4.0.0"
        }
      },
      "Serilog.Sinks.PeriodicBatching": {
        "type": "Transitive",
        "resolved": "4.0.0",
        "contentHash": "kxg6QLNA1sDVqYEE7/6hCr/Ur3imS+qaoEqriQh07WTU1/b6jknnuVN1rWQpj67JpwAXXTmgI3Js9IGGktgumQ==",
        "dependencies": {
          "Serilog": "3.1.1",
          "System.Threading.Channels": "8.0.0"
        }
      },
      "Serilog.Sinks.Seq": {
        "type": "Transitive",
        "resolved": "8.0.0",
        "contentHash": "z5ig56/qzjkX6Fj4U/9m1g8HQaQiYPMZS4Uevtjg1I+WWzoGSf5t/E+6JbMP/jbZYhU63bA5NJN5y0x+qqx2Bw==",
        "dependencies": {
          "Serilog": "4.0.0",
          "Serilog.Sinks.File": "5.0.0"
        }
      },
      "SqlKata": {
        "type": "Transitive",
        "resolved": "2.4.0",
        "contentHash": "vWRZRUL/h7azL1u7hN5TpyakPITgF6CzELjX+wv+NnVaFhL17/LmtIVq087aNMEeNsrrC5uJMcNarmuU7Y8mlg==",
        "dependencies": {
          "System.Collections.Concurrent": "4.3.0"
        }
      },
      "SqlKata.Execution": {
        "type": "Transitive",
        "resolved": "2.4.0",
        "contentHash": "Sen4PQZpWitW7p8d9lbNggCVkwoIBSDqo1ZVqY5UjjRzmNJLHmFvATkqYd+ZemaMZnjjMba+a5nMIyS0uWSFeA==",
        "dependencies": {
          "Humanizer.Core": "2.8.26",
          "SqlKata": "2.4.0",
          "dapper": "2.0.123"
        }
      },
      "StackExchange.Redis": {
        "type": "Transitive",
        "resolved": "2.8.22",
        "contentHash": "GRA97f4cHYxBI/fKOfgs3GyKklc5is6YKM2yWbkiCZGR/JKsXIo0sRJSSeJabriJAZkKFthM0rXnULFfSbs0KA==",
        "dependencies": {
          "Microsoft.Extensions.Logging.Abstractions": "6.0.0",
          "Pipelines.Sockets.Unofficial": "2.2.8"
        }
      },
      "System.Buffers": {
        "type": "Transitive",
        "resolved": "4.5.1",
        "contentHash": "Rw7ijyl1qqRS0YQD/WycNst8hUUMgrMH4FCn1nNm27M4VxchZ1js3fVjQaANHO5f3sN4isvP4a+Met9Y4YomAg=="
      },
      "System.Collections": {
        "type": "Transitive",
        "resolved": "4.3.0",
        "contentHash": "3Dcj85/TBdVpL5Zr+gEEBUuFe2icOnLalmEh9hfck1PTYbbyWuZgh4fmm2ysCLTrqLQw6t3TgTyJ+VLp+Qb+Lw==",
        "dependencies": {
          "Microsoft.NETCore.Platforms": "1.1.0",
          "Microsoft.NETCore.Targets": "1.1.0",
          "System.Runtime": "4.3.0"
        }
      },
      "System.Collections.Concurrent": {
        "type": "Transitive",
        "resolved": "4.3.0",
        "contentHash": "ztl69Xp0Y/UXCL+3v3tEU+lIy+bvjKNUmopn1wep/a291pVPK7dxBd6T7WnlQqRog+d1a/hSsgRsmFnIBKTPLQ==",
        "dependencies": {
          "System.Collections": "4.3.0",
          "System.Diagnostics.Debug": "4.3.0",
          "System.Diagnostics.Tracing": "4.3.0",
          "System.Globalization": "4.3.0",
          "System.Reflection": "4.3.0",
          "System.Resources.ResourceManager": "4.3.0",
          "System.Runtime": "4.3.0",
          "System.Runtime.Extensions": "4.3.0",
          "System.Threading": "4.3.0",
          "System.Threading.Tasks": "4.3.0"
        }
      },
      "System.Diagnostics.Debug": {
        "type": "Transitive",
        "resolved": "4.3.0",
        "contentHash": "ZUhUOdqmaG5Jk3Xdb8xi5kIyQYAA4PnTNlHx1mu9ZY3qv4ELIdKbnL/akbGaKi2RnNUWaZsAs31rvzFdewTj2g==",
        "dependencies": {
          "Microsoft.NETCore.Platforms": "1.1.0",
          "Microsoft.NETCore.Targets": "1.1.0",
          "System.Runtime": "4.3.0"
        }
      },
      "System.Diagnostics.DiagnosticSource": {
        "type": "Transitive",
        "resolved": "9.0.0",
        "contentHash": "ddppcFpnbohLWdYKr/ZeLZHmmI+DXFgZ3Snq+/E7SwcdW4UnvxmaugkwGywvGVWkHPGCSZjCP+MLzu23AL5SDw=="
      },
      "System.Diagnostics.Tracing": {
        "type": "Transitive",
        "resolved": "4.3.0",
        "contentHash": "rswfv0f/Cqkh78rA5S8eN8Neocz234+emGCtTF3lxPY96F+mmmUen6tbn0glN6PMvlKQb9bPAY5e9u7fgPTkKw==",
        "dependencies": {
          "Microsoft.NETCore.Platforms": "1.1.0",
          "Microsoft.NETCore.Targets": "1.1.0",
          "System.Runtime": "4.3.0"
        }
      },
      "System.Globalization": {
        "type": "Transitive",
        "resolved": "4.3.0",
        "contentHash": "kYdVd2f2PAdFGblzFswE4hkNANJBKRmsfa2X5LG2AcWE1c7/4t0pYae1L8vfZ5xvE2nK/R9JprtToA61OSHWIg==",
        "dependencies": {
          "Microsoft.NETCore.Platforms": "1.1.0",
          "Microsoft.NETCore.Targets": "1.1.0",
          "System.Runtime": "4.3.0"
        }
      },
      "System.Interactive.Async": {
        "type": "Transitive",
        "resolved": "6.0.1",
        "contentHash": "f8H1O4ZWDQo344y5NQU76G4SIjWMuKDVXL9OM1dg6K5YZnLkc8iCdQDybBvMcC6ufk61jzXGVAX6UCDu0qDSjA==",
        "dependencies": {
          "System.Linq.Async": "6.0.1"
        }
      },
      "System.IO": {
        "type": "Transitive",
        "resolved": "4.3.0",
        "contentHash": "3qjaHvxQPDpSOYICjUoTsmoq5u6QJAFRUITgeT/4gqkF1bajbSmb1kwSxEA8AHlofqgcKJcM8udgieRNhaJ5Cg==",
        "dependencies": {
          "Microsoft.NETCore.Platforms": "1.1.0",
          "Microsoft.NETCore.Targets": "1.1.0",
          "System.Runtime": "4.3.0",
          "System.Text.Encoding": "4.3.0",
          "System.Threading.Tasks": "4.3.0"
        }
      },
      "System.IO.Pipelines": {
        "type": "Transitive",
        "resolved": "9.0.0",
        "contentHash": "eA3cinogwaNB4jdjQHOP3Z3EuyiDII7MT35jgtnsA4vkn0LUrrSHsU0nzHTzFzmaFYeKV7MYyMxOocFzsBHpTw=="
      },
      "System.Linq.Async": {
        "type": "Transitive",
        "resolved": "6.0.1",
        "contentHash": "0YhHcaroWpQ9UCot3Pizah7ryAzQhNvobLMSxeDIGmnXfkQn8u5owvpOH0K6EVB+z9L7u6Cc4W17Br/+jyttEQ==",
        "dependencies": {
          "Microsoft.Bcl.AsyncInterfaces": "6.0.0"
        }
      },
      "System.Reflection": {
        "type": "Transitive",
        "resolved": "4.3.0",
        "contentHash": "KMiAFoW7MfJGa9nDFNcfu+FpEdiHpWgTcS2HdMpDvt9saK3y/G4GwprPyzqjFH9NTaGPQeWNHU+iDlDILj96aQ==",
        "dependencies": {
          "Microsoft.NETCore.Platforms": "1.1.0",
          "Microsoft.NETCore.Targets": "1.1.0",
          "System.IO": "4.3.0",
          "System.Reflection.Primitives": "4.3.0",
          "System.Runtime": "4.3.0"
        }
      },
      "System.Reflection.Metadata": {
        "type": "Transitive",
        "resolved": "1.6.0",
        "contentHash": "COC1aiAJjCoA5GBF+QKL2uLqEBew4JsCkQmoHKbN3TlOZKa2fKLz5CpiRQKDz0RsAOEGsVKqOD5bomsXq/4STQ=="
      },
      "System.Reflection.Primitives": {
        "type": "Transitive",
        "resolved": "4.3.0",
        "contentHash": "5RXItQz5As4xN2/YUDxdpsEkMhvw3e6aNveFXUn4Hl/udNTCNhnKp8lT9fnc3MhvGKh1baak5CovpuQUXHAlIA==",
        "dependencies": {
          "Microsoft.NETCore.Platforms": "1.1.0",
          "Microsoft.NETCore.Targets": "1.1.0",
          "System.Runtime": "4.3.0"
        }
      },
      "System.Resources.ResourceManager": {
        "type": "Transitive",
        "resolved": "4.3.0",
        "contentHash": "/zrcPkkWdZmI4F92gL/TPumP98AVDu/Wxr3CSJGQQ+XN6wbRZcyfSKVoPo17ilb3iOr0cCRqJInGwNMolqhS8A==",
        "dependencies": {
          "Microsoft.NETCore.Platforms": "1.1.0",
          "Microsoft.NETCore.Targets": "1.1.0",
          "System.Globalization": "4.3.0",
          "System.Reflection": "4.3.0",
          "System.Runtime": "4.3.0"
        }
      },
      "System.Runtime": {
        "type": "Transitive",
        "resolved": "4.3.0",
        "contentHash": "JufQi0vPQ0xGnAczR13AUFglDyVYt4Kqnz1AZaiKZ5+GICq0/1MH/mO/eAJHt/mHW1zjKBJd7kV26SrxddAhiw==",
        "dependencies": {
          "Microsoft.NETCore.Platforms": "1.1.0",
          "Microsoft.NETCore.Targets": "1.1.0"
        }
      },
      "System.Runtime.Extensions": {
        "type": "Transitive",
        "resolved": "4.3.0",
        "contentHash": "guW0uK0fn5fcJJ1tJVXYd7/1h5F+pea1r7FLSOz/f8vPEqbR2ZAknuRDvTQ8PzAilDveOxNjSfr0CHfIQfFk8g==",
        "dependencies": {
          "Microsoft.NETCore.Platforms": "1.1.0",
          "Microsoft.NETCore.Targets": "1.1.0",
          "System.Runtime": "4.3.0"
        }
      },
      "System.Text.Encoding": {
        "type": "Transitive",
        "resolved": "4.3.0",
        "contentHash": "BiIg+KWaSDOITze6jGQynxg64naAPtqGHBwDrLaCtixsa5bKiR8dpPOHA7ge3C0JJQizJE+sfkz1wV+BAKAYZw==",
        "dependencies": {
          "Microsoft.NETCore.Platforms": "1.1.0",
          "Microsoft.NETCore.Targets": "1.1.0",
          "System.Runtime": "4.3.0"
        }
      },
      "System.Text.Encodings.Web": {
        "type": "Transitive",
        "resolved": "9.0.0",
        "contentHash": "e2hMgAErLbKyUUwt18qSBf9T5Y+SFAL3ZedM8fLupkVj8Rj2PZ9oxQ37XX2LF8fTO1wNIxvKpihD7Of7D/NxZw=="
      },
      "System.Text.Json": {
        "type": "Transitive",
        "resolved": "9.0.0",
        "contentHash": "js7+qAu/9mQvnhA4EfGMZNEzXtJCDxgkgj8ohuxq/Qxv+R56G+ljefhiJHOxTNiw54q8vmABCWUwkMulNdlZ4A==",
        "dependencies": {
          "System.IO.Pipelines": "9.0.0",
          "System.Text.Encodings.Web": "9.0.0"
        }
      },
      "System.Threading": {
        "type": "Transitive",
        "resolved": "4.3.0",
        "contentHash": "VkUS0kOBcUf3Wwm0TSbrevDDZ6BlM+b/HRiapRFWjM5O0NS0LviG0glKmFK+hhPDd1XFeSdU1GmlLhb2CoVpIw==",
        "dependencies": {
          "System.Runtime": "4.3.0",
          "System.Threading.Tasks": "4.3.0"
        }
      },
      "System.Threading.Channels": {
        "type": "Transitive",
        "resolved": "8.0.0",
        "contentHash": "CMaFr7v+57RW7uZfZkPExsPB6ljwzhjACWW1gfU35Y56rk72B/Wu+sTqxVmGSk4SFUlPc3cjeKND0zktziyjBA=="
      },
      "System.Threading.Tasks": {
        "type": "Transitive",
        "resolved": "4.3.0",
        "contentHash": "LbSxKEdOUhVe8BezB/9uOGGppt+nZf6e1VFyw6v3DN6lqitm0OSn2uXMOdtP0M3W4iMcqcivm2J6UgqiwwnXiA==",
        "dependencies": {
          "Microsoft.NETCore.Platforms": "1.1.0",
          "Microsoft.NETCore.Targets": "1.1.0",
          "System.Runtime": "4.3.0"
        }
      },
      "Timestamps": {
        "type": "Transitive",
        "resolved": "1.0.11",
        "contentHash": "SnWhXm3FkEStQGgUTfWMh9mKItNW032o/v8eAtFrOGqG0/ejvPPA1LdLZx0N/qqoY0TH3x11+dO00jeVcM8xNQ=="
      },
      "UrlMatcher": {
        "type": "Transitive",
        "resolved": "3.0.1",
        "contentHash": "hHBZVzFSfikrx4XsRsnCIwmGLgbNKtntnlqf4z+ygcNA6Y/L/J0x5GiZZWfXdTfpxhy5v7mlt2zrZs/L9SvbOA=="
      },
      "Watson.Core": {
        "type": "Transitive",
        "resolved": "6.3.5",
        "contentHash": "Y5YxKOCSLe2KDmfwvI/J0qApgmmZR77LwyoufRVfKH7GLdHiE7fY0IfoNxWTG7nNv8knBfgwyOxdehRm+4HaCg==",
        "dependencies": {
          "IpMatcher": "1.0.5",
          "RegexMatcher": "1.0.9",
          "System.Text.Json": "8.0.5",
          "Timestamps": "1.0.11",
          "UrlMatcher": "3.0.1"
        }
      },
      "Watson.Lite": {
        "type": "Transitive",
        "resolved": "6.3.5",
        "contentHash": "YF8+se3IVenn8YlyNeb4wSJK6QMnVD0QHIOEiZ22wS4K2wkwoSDzWS+ZAjk1MaPeB+XO5gRoENUN//pOc+wI2g==",
        "dependencies": {
          "CavemanTcp": "2.0.5",
          "Watson.Core": "6.3.5"
        }
      },
      "xunit.abstractions": {
        "type": "Transitive",
        "resolved": "2.0.3",
        "contentHash": "pot1I4YOxlWjIb5jmwvvQNbTrZ3lJQ+jUGkGjWE3hEFM0l5gOnBWS+H3qsex68s5cO52g+44vpGzhAt+42vwKg=="
      },
      "xunit.analyzers": {
        "type": "Transitive",
        "resolved": "1.16.0",
        "contentHash": "hptYM7vGr46GUIgZt21YHO4rfuBAQS2eINbFo16CV/Dqq+24Tp+P5gDCACu1AbFfW4Sp/WRfDPSK8fmUUb8s0Q=="
      },
      "xunit.assert": {
        "type": "Transitive",
        "resolved": "2.9.2",
        "contentHash": "QkNBAQG4pa66cholm28AxijBjrmki98/vsEh4Sx5iplzotvPgpiotcxqJQMRC8d7RV7nIT8ozh97957hDnZwsQ=="
      },
      "xunit.core": {
        "type": "Transitive",
        "resolved": "2.9.2",
        "contentHash": "O6RrNSdmZ0xgEn5kT927PNwog5vxTtKrWMihhhrT0Sg9jQ7iBDciYOwzBgP2krBEk5/GBXI18R1lKvmnxGcb4w==",
        "dependencies": {
          "xunit.extensibility.core": "[2.9.2]",
          "xunit.extensibility.execution": "[2.9.2]"
        }
      },
      "xunit.extensibility.core": {
        "type": "Transitive",
        "resolved": "2.9.2",
        "contentHash": "Ol+KlBJz1x8BrdnhN2DeOuLrr1I/cTwtHCggL9BvYqFuVd/TUSzxNT5O0NxCIXth30bsKxgMfdqLTcORtM52yQ==",
        "dependencies": {
          "xunit.abstractions": "2.0.3"
        }
      },
      "xunit.extensibility.execution": {
        "type": "Transitive",
        "resolved": "2.9.2",
        "contentHash": "rKMpq4GsIUIJibXuZoZ8lYp5EpROlnYaRpwu9Zr0sRZXE7JqJfEEbCsUriZqB+ByXCLFBJyjkTRULMdC+U566g==",
        "dependencies": {
          "xunit.extensibility.core": "[2.9.2]"
        }
      },
      "myriad": {
        "type": "Project",
        "dependencies": {
          "NodaTime": "[3.2.0, )",
          "NodaTime.Serialization.JsonNet": "[3.1.0, )",
          "Polly": "[8.5.0, )",
          "Polly.Contrib.WaitAndRetry": "[1.1.1, )",
          "Serilog": "[4.2.0, )",
          "StackExchange.Redis": "[2.8.22, )",
          "System.Linq.Async": "[6.0.1, )"
        }
      },
      "pluralkit.api": {
        "type": "Project",
        "dependencies": {
          "Microsoft.AspNetCore.Mvc.NewtonsoftJson": "[8.0.11, )",
          "Microsoft.AspNetCore.Mvc.Versioning": "[5.1.0, )",
          "Microsoft.AspNetCore.Mvc.Versioning.ApiExplorer": "[5.1.0, )",
          "PluralKit.Core": "[1.0.0, )",
          "Sentry": "[4.13.0, )",
          "Serilog.AspNetCore": "[9.0.0, )"
        }
      },
      "pluralkit.bot": {
        "type": "Project",
        "dependencies": {
          "Humanizer.Core": "[2.14.1, )",
          "Myriad": "[1.0.0, )",
          "PluralKit.Core": "[1.0.0, )",
          "Sentry": "[4.13.0, )",
          "Watson.Lite": "[6.3.5, )"
        }
      },
      "pluralkit.core": {
        "type": "Project",
        "dependencies": {
          "App.Metrics": "[4.3.0, )",
          "App.Metrics.Reporting.InfluxDB": "[4.3.0, )",
          "AppFact.SerilogOpenSearchSink": "[0.0.8, )",
          "Autofac": "[8.1.1, )",
          "Autofac.Extensions.DependencyInjection": "[10.0.0, )",
          "Dapper": "[2.1.35, )",
          "Dapper.Contrib": "[2.0.78, )",
          "Microsoft.Extensions.Caching.Memory": "[9.0.0, )",
          "Microsoft.Extensions.Configuration": "[9.0.0, )",
          "Microsoft.Extensions.Configuration.Binder": "[9.0.0, )",
          "Microsoft.Extensions.Configuration.CommandLine": "[9.0.0, )",
          "Microsoft.Extensions.Configuration.EnvironmentVariables": "[9.0.0, )",
          "Microsoft.Extensions.Configuration.Json": "[9.0.0, )",
          "Microsoft.Extensions.DependencyInjection": "[9.0.0, )",
          "Microsoft.Extensions.Logging": "[9.0.0, )",
          "Newtonsoft.Json": "[13.0.3, )",
          "NodaTime": "[3.2.0, )",
          "NodaTime.Serialization.JsonNet": "[3.1.0, )",
          "Npgsql": "[9.0.2, )",
          "Npgsql.NodaTime": "[9.0.2, )",
          "Serilog": "[4.2.0, )",
          "Serilog.Extensions.Logging": "[9.0.0, )",
          "Serilog.Formatting.Compact": "[3.0.0, )",
          "Serilog.NodaTime": "[3.0.0, )",
          "Serilog.Sinks.Async": "[2.1.0, )",
          "Serilog.Sinks.Console": "[6.0.0, )",
          "Serilog.Sinks.Elasticsearch": "[10.0.0, )",
          "Serilog.Sinks.File": "[6.0.0, )",
          "Serilog.Sinks.Seq": "[8.0.0, )",
          "SqlKata": "[2.4.0, )",
          "SqlKata.Execution": "[2.4.0, )",
          "StackExchange.Redis": "[2.8.22, )",
          "System.Interactive.Async": "[6.0.1, )",
          "ipnetwork2": "[3.0.667, )"
        }
      }
    }
  }
}