{
  "version": 1,
  "dependencies": {
    ".NETCoreApp,Version=v5.0": {
      "Polly": {
        "type": "Direct",
        "requested": "[7.2.1, )",
        "resolved": "7.2.1",
        "contentHash": "Od8SnPlpQr+PuAS0YzY3jgtzaDNknlIuAaldN2VEIyTvm/wCg22C5nUkUV1BEG8rIsub5RFMoV/NEQ0tM/+7Uw=="
      },
      "Polly.Contrib.WaitAndRetry": {
        "type": "Direct",
        "requested": "[1.1.1, )",
        "resolved": "1.1.1",
        "contentHash": "1MUQLiSo4KDkQe6nzQRhIU05lm9jlexX5BVsbuw0SL82ynZ+GzAHQxJVDPVBboxV37Po3SG077aX8DuSy8TkaA=="
      },
      "Serilog": {
        "type": "Direct",
        "requested": "[2.10.0, )",
        "resolved": "2.10.0",
        "contentHash": "+QX0hmf37a0/OZLxM3wL7V6/ADvC1XihXN4Kq/p6d8lCPfgkRdiuhbWlMaFjR9Av0dy5F0+MBeDmDdRZN/YwQA=="
      }
    }
  }
}